// !$*UTF8*$!
{
	archiveVersion = 1;
	classes = {
	};
	objectVersion = 56;
	objects = {

/* Begin PBXBuildFile section */
		3906233229E4E7360009947A /* ProductDetailHeaderCollectionReusableView.swift in Sources */ = {isa = PBXBuildFile; fileRef = 3906233029E4E7360009947A /* ProductDetailHeaderCollectionReusableView.swift */; };
		3906233329E4E7360009947A /* ProductDetailHeaderCollectionReusableView.xib in Resources */ = {isa = PBXBuildFile; fileRef = 3906233129E4E7360009947A /* ProductDetailHeaderCollectionReusableView.xib */; };
		39302E1529E483B500C17FD3 /* FlipkartStoryboard.storyboard in Resources */ = {isa = PBXBuildFile; fileRef = 39302E0C29E483B500C17FD3 /* FlipkartStoryboard.storyboard */; };
		39302E1629E483B500C17FD3 /* ClothesCollectionViewCell.swift in Sources */ = {isa = PBXBuildFile; fileRef = 39302E0E29E483B500C17FD3 /* ClothesCollectionViewCell.swift */; };
		39302E1729E483B500C17FD3 /* ClothesCollectionViewCell.xib in Resources */ = {isa = PBXBuildFile; fileRef = 39302E0F29E483B500C17FD3 /* ClothesCollectionViewCell.xib */; };
		39302E1829E483B500C17FD3 /* HeaderFlipkart.swift in Sources */ = {isa = PBXBuildFile; fileRef = 39302E1129E483B500C17FD3 /* HeaderFlipkart.swift */; };
		39302E1929E483B500C17FD3 /* HeaderFlipkart.xib in Resources */ = {isa = PBXBuildFile; fileRef = 39302E1229E483B500C17FD3 /* HeaderFlipkart.xib */; };
		39302E1A29E483B500C17FD3 /* ClothDetails.swift in Sources */ = {isa = PBXBuildFile; fileRef = 39302E1329E483B500C17FD3 /* ClothDetails.swift */; };
		39302E1B29E483B500C17FD3 /* FlipkartWomenClothVC.swift in Sources */ = {isa = PBXBuildFile; fileRef = 39302E1429E483B500C17FD3 /* FlipkartWomenClothVC.swift */; };
		39302E1E29E48BDC00C17FD3 /* ProductVC.swift in Sources */ = {isa = PBXBuildFile; fileRef = 39302E1D29E48BDC00C17FD3 /* ProductVC.swift */; };
		39302E2129E48CAD00C17FD3 /* ProductsImagesVCell.swift in Sources */ = {isa = PBXBuildFile; fileRef = 39302E2029E48CAD00C17FD3 /* ProductsImagesVCell.swift */; };
		393AF7F629CE1DCE00DAD8D9 /* AppDelegate.swift in Sources */ = {isa = PBXBuildFile; fileRef = 393AF7F529CE1DCE00DAD8D9 /* AppDelegate.swift */; };
		393AF7F829CE1DCE00DAD8D9 /* SceneDelegate.swift in Sources */ = {isa = PBXBuildFile; fileRef = 393AF7F729CE1DCE00DAD8D9 /* SceneDelegate.swift */; };
		393AF7FF29CE1DCF00DAD8D9 /* Assets.xcassets in Resources */ = {isa = PBXBuildFile; fileRef = 393AF7FE29CE1DCF00DAD8D9 /* Assets.xcassets */; };
		3950E4B329CE274800D9628B /* Launch Screen.storyboard in Resources */ = {isa = PBXBuildFile; fileRef = 3950E4B229CE274800D9628B /* Launch Screen.storyboard */; };
		3950E4B629CE286800D9628B /* R.generated.swift in Sources */ = {isa = PBXBuildFile; fileRef = 3950E4B529CE286800D9628B /* R.generated.swift */; };
		3950E4B829D2044F00D9628B /* Homepage.storyboard in Resources */ = {isa = PBXBuildFile; fileRef = 3950E4B729D2044F00D9628B /* Homepage.storyboard */; };
		3950E4BA29D2048900D9628B /* HomePageVC.swift in Sources */ = {isa = PBXBuildFile; fileRef = 3950E4B929D2048900D9628B /* HomePageVC.swift */; };
		3983BBBC29E4DB6C002BDD7C /* UILabel.swift in Sources */ = {isa = PBXBuildFile; fileRef = 3983BBBB29E4DB6C002BDD7C /* UILabel.swift */; };
		3996FEDB29E17DD800EF4FB4 /* JobStoryboard.storyboard in Resources */ = {isa = PBXBuildFile; fileRef = 3996FEDA29E17DD800EF4FB4 /* JobStoryboard.storyboard */; };
		3996FEDD29E17DF100EF4FB4 /* MeetrajVC.swift in Sources */ = {isa = PBXBuildFile; fileRef = 3996FEDC29E17DF100EF4FB4 /* MeetrajVC.swift */; };
		3996FEDF29E194B000EF4FB4 /* Main.storyboard in Resources */ = {isa = PBXBuildFile; fileRef = 3996FEDE29E194B000EF4FB4 /* Main.storyboard */; };
		3996FEE429E19DCA00EF4FB4 /* FeatureJobCellTableViewCell.swift in Sources */ = {isa = PBXBuildFile; fileRef = 3996FEE229E19DCA00EF4FB4 /* FeatureJobCellTableViewCell.swift */; };
		3996FEE529E19DCA00EF4FB4 /* FeatureJobCellTableViewCell.xib in Resources */ = {isa = PBXBuildFile; fileRef = 3996FEE329E19DCA00EF4FB4 /* FeatureJobCellTableViewCell.xib */; };
		3996FEEA29E2949100EF4FB4 /* FeaturejobCVC.swift in Sources */ = {isa = PBXBuildFile; fileRef = 3996FEE829E2949100EF4FB4 /* FeaturejobCVC.swift */; };
		3996FEEB29E2949100EF4FB4 /* FeaturejobCollectionViewCell.xib in Resources */ = {isa = PBXBuildFile; fileRef = 3996FEE929E2949100EF4FB4 /* FeaturejobCollectionViewCell.xib */; };
		39F6C51029E2EB6900F5465E /* CollectionViewStoryboard.storyboard in Resources */ = {isa = PBXBuildFile; fileRef = 39F6C50F29E2EB6900F5465E /* CollectionViewStoryboard.storyboard */; };
		39F6C51229E2EB7B00F5465E /* CollectionViewVC.swift in Sources */ = {isa = PBXBuildFile; fileRef = 39F6C51129E2EB7B00F5465E /* CollectionViewVC.swift */; };
		FFCFC2CD59ACBA7F27573BC6 /* Pods_layoutPractice.framework in Frameworks */ = {isa = PBXBuildFile; fileRef = 014C8C2FC3BD146C01C078C3 /* Pods_layoutPractice.framework */; };
/* End PBXBuildFile section */

/* Begin PBXFileReference section */
		014C8C2FC3BD146C01C078C3 /* Pods_layoutPractice.framework */ = {isa = PBXFileReference; explicitFileType = wrapper.framework; includeInIndex = 0; path = Pods_layoutPractice.framework; sourceTree = BUILT_PRODUCTS_DIR; };
		3906233029E4E7360009947A /* ProductDetailHeaderCollectionReusableView.swift */ = {isa = PBXFileReference; lastKnownFileType = sourcecode.swift; path = ProductDetailHeaderCollectionReusableView.swift; sourceTree = "<group>"; };
		3906233129E4E7360009947A /* ProductDetailHeaderCollectionReusableView.xib */ = {isa = PBXFileReference; lastKnownFileType = file.xib; path = ProductDetailHeaderCollectionReusableView.xib; sourceTree = "<group>"; };
		39302E0C29E483B500C17FD3 /* FlipkartStoryboard.storyboard */ = {isa = PBXFileReference; fileEncoding = 4; lastKnownFileType = file.storyboard; path = FlipkartStoryboard.storyboard; sourceTree = "<group>"; };
		39302E0E29E483B500C17FD3 /* ClothesCollectionViewCell.swift */ = {isa = PBXFileReference; fileEncoding = 4; lastKnownFileType = sourcecode.swift; path = ClothesCollectionViewCell.swift; sourceTree = "<group>"; };
		39302E0F29E483B500C17FD3 /* ClothesCollectionViewCell.xib */ = {isa = PBXFileReference; fileEncoding = 4; lastKnownFileType = file.xib; path = ClothesCollectionViewCell.xib; sourceTree = "<group>"; };
		39302E1129E483B500C17FD3 /* HeaderFlipkart.swift */ = {isa = PBXFileReference; fileEncoding = 4; lastKnownFileType = sourcecode.swift; path = HeaderFlipkart.swift; sourceTree = "<group>"; };
		39302E1229E483B500C17FD3 /* HeaderFlipkart.xib */ = {isa = PBXFileReference; fileEncoding = 4; lastKnownFileType = file.xib; path = HeaderFlipkart.xib; sourceTree = "<group>"; };
		39302E1329E483B500C17FD3 /* ClothDetails.swift */ = {isa = PBXFileReference; fileEncoding = 4; lastKnownFileType = sourcecode.swift; path = ClothDetails.swift; sourceTree = "<group>"; };
		39302E1429E483B500C17FD3 /* FlipkartWomenClothVC.swift */ = {isa = PBXFileReference; fileEncoding = 4; lastKnownFileType = sourcecode.swift; path = FlipkartWomenClothVC.swift; sourceTree = "<group>"; };
		39302E1D29E48BDC00C17FD3 /* ProductVC.swift */ = {isa = PBXFileReference; lastKnownFileType = sourcecode.swift; path = ProductVC.swift; sourceTree = "<group>"; };
		39302E2029E48CAD00C17FD3 /* ProductsImagesVCell.swift */ = {isa = PBXFileReference; lastKnownFileType = sourcecode.swift; path = ProductsImagesVCell.swift; sourceTree = "<group>"; };
		393AF7F229CE1DCE00DAD8D9 /* layoutPractice.app */ = {isa = PBXFileReference; explicitFileType = wrapper.application; includeInIndex = 0; path = layoutPractice.app; sourceTree = BUILT_PRODUCTS_DIR; };
		393AF7F529CE1DCE00DAD8D9 /* AppDelegate.swift */ = {isa = PBXFileReference; lastKnownFileType = sourcecode.swift; path = AppDelegate.swift; sourceTree = "<group>"; };
		393AF7F729CE1DCE00DAD8D9 /* SceneDelegate.swift */ = {isa = PBXFileReference; lastKnownFileType = sourcecode.swift; path = SceneDelegate.swift; sourceTree = "<group>"; };
		393AF7FE29CE1DCF00DAD8D9 /* Assets.xcassets */ = {isa = PBXFileReference; lastKnownFileType = folder.assetcatalog; path = Assets.xcassets; sourceTree = "<group>"; };
		393AF80329CE1DCF00DAD8D9 /* Info.plist */ = {isa = PBXFileReference; lastKnownFileType = text.plist.xml; path = Info.plist; sourceTree = "<group>"; };
		3950E4B229CE274800D9628B /* Launch Screen.storyboard */ = {isa = PBXFileReference; lastKnownFileType = file.storyboard; path = "Launch Screen.storyboard"; sourceTree = "<group>"; };
		3950E4B529CE286800D9628B /* R.generated.swift */ = {isa = PBXFileReference; fileEncoding = 4; lastKnownFileType = sourcecode.swift; path = R.generated.swift; sourceTree = "<group>"; };
		3950E4B729D2044F00D9628B /* Homepage.storyboard */ = {isa = PBXFileReference; lastKnownFileType = file.storyboard; path = Homepage.storyboard; sourceTree = "<group>"; };
		3950E4B929D2048900D9628B /* HomePageVC.swift */ = {isa = PBXFileReference; lastKnownFileType = sourcecode.swift; path = HomePageVC.swift; sourceTree = "<group>"; };
		3983BBBB29E4DB6C002BDD7C /* UILabel.swift */ = {isa = PBXFileReference; lastKnownFileType = sourcecode.swift; path = UILabel.swift; sourceTree = "<group>"; };
		3996FEDA29E17DD800EF4FB4 /* JobStoryboard.storyboard */ = {isa = PBXFileReference; lastKnownFileType = file.storyboard; path = JobStoryboard.storyboard; sourceTree = "<group>"; };
		3996FEDC29E17DF100EF4FB4 /* MeetrajVC.swift */ = {isa = PBXFileReference; lastKnownFileType = sourcecode.swift; path = MeetrajVC.swift; sourceTree = "<group>"; };
		3996FEDE29E194B000EF4FB4 /* Main.storyboard */ = {isa = PBXFileReference; lastKnownFileType = file.storyboard; path = Main.storyboard; sourceTree = "<group>"; };
		3996FEE229E19DCA00EF4FB4 /* FeatureJobCellTableViewCell.swift */ = {isa = PBXFileReference; lastKnownFileType = sourcecode.swift; path = FeatureJobCellTableViewCell.swift; sourceTree = "<group>"; };
		3996FEE329E19DCA00EF4FB4 /* FeatureJobCellTableViewCell.xib */ = {isa = PBXFileReference; lastKnownFileType = file.xib; path = FeatureJobCellTableViewCell.xib; sourceTree = "<group>"; };
		3996FEE829E2949100EF4FB4 /* FeaturejobCVC.swift */ = {isa = PBXFileReference; lastKnownFileType = sourcecode.swift; path = FeaturejobCVC.swift; sourceTree = "<group>"; };
		3996FEE929E2949100EF4FB4 /* FeaturejobCollectionViewCell.xib */ = {isa = PBXFileReference; lastKnownFileType = file.xib; path = FeaturejobCollectionViewCell.xib; sourceTree = "<group>"; };
		39F6C50F29E2EB6900F5465E /* CollectionViewStoryboard.storyboard */ = {isa = PBXFileReference; lastKnownFileType = file.storyboard; path = CollectionViewStoryboard.storyboard; sourceTree = "<group>"; };
		39F6C51129E2EB7B00F5465E /* CollectionViewVC.swift */ = {isa = PBXFileReference; lastKnownFileType = sourcecode.swift; path = CollectionViewVC.swift; sourceTree = "<group>"; };
		80C1319DC66C3861BE658307 /* Pods-layoutPractice.release.xcconfig */ = {isa = PBXFileReference; includeInIndex = 1; lastKnownFileType = text.xcconfig; name = "Pods-layoutPractice.release.xcconfig"; path = "Target Support Files/Pods-layoutPractice/Pods-layoutPractice.release.xcconfig"; sourceTree = "<group>"; };
		D852807B1A0F5EF47138145A /* Pods-layoutPractice.debug.xcconfig */ = {isa = PBXFileReference; includeInIndex = 1; lastKnownFileType = text.xcconfig; name = "Pods-layoutPractice.debug.xcconfig"; path = "Target Support Files/Pods-layoutPractice/Pods-layoutPractice.debug.xcconfig"; sourceTree = "<group>"; };
/* End PBXFileReference section */

/* Begin PBXFrameworksBuildPhase section */
		393AF7EF29CE1DCE00DAD8D9 /* Frameworks */ = {
			isa = PBXFrameworksBuildPhase;
			buildActionMask = 2147483647;
			files = (
				FFCFC2CD59ACBA7F27573BC6 /* Pods_layoutPractice.framework in Frameworks */,
			);
			runOnlyForDeploymentPostprocessing = 0;
		};
/* End PBXFrameworksBuildPhase section */

/* Begin PBXGroup section */
		07256982C43625E013EB181A /* Frameworks */ = {
			isa = PBXGroup;
			children = (
				014C8C2FC3BD146C01C078C3 /* Pods_layoutPractice.framework */,
			);
			name = Frameworks;
			sourceTree = "<group>";
		};
		3906232F29E4E7160009947A /* withHeaderDetail */ = {
			isa = PBXGroup;
			children = (
				3906233029E4E7360009947A /* ProductDetailHeaderCollectionReusableView.swift */,
				3906233129E4E7360009947A /* ProductDetailHeaderCollectionReusableView.xib */,
			);
			path = withHeaderDetail;
			sourceTree = "<group>";
		};
		39302E0B29E483B500C17FD3 /* Flipkart */ = {
			isa = PBXGroup;
			children = (
				3906232F29E4E7160009947A /* withHeaderDetail */,
				39302E1C29E48B6A00C17FD3 /* ViewControllers */,
				39302E0D29E483B500C17FD3 /* ProductsCollectionCell */,
				39302E1029E483B500C17FD3 /* CollectionViewHeader */,
				39302E1329E483B500C17FD3 /* ClothDetails.swift */,
				39302E0C29E483B500C17FD3 /* FlipkartStoryboard.storyboard */,
				39302E1429E483B500C17FD3 /* FlipkartWomenClothVC.swift */,
			);
			path = Flipkart;
			sourceTree = "<group>";
		};
		39302E0D29E483B500C17FD3 /* ProductsCollectionCell */ = {
			isa = PBXGroup;
			children = (
				39302E0E29E483B500C17FD3 /* ClothesCollectionViewCell.swift */,
				39302E0F29E483B500C17FD3 /* ClothesCollectionViewCell.xib */,
			);
			path = ProductsCollectionCell;
			sourceTree = "<group>";
		};
		39302E1029E483B500C17FD3 /* CollectionViewHeader */ = {
			isa = PBXGroup;
			children = (
				39302E1129E483B500C17FD3 /* HeaderFlipkart.swift */,
				39302E1229E483B500C17FD3 /* HeaderFlipkart.xib */,
			);
			path = CollectionViewHeader;
			sourceTree = "<group>";
		};
		39302E1C29E48B6A00C17FD3 /* ViewControllers */ = {
			isa = PBXGroup;
			children = (
				39302E1F29E48C1C00C17FD3 /* CollectionViewCell */,
				39302E1D29E48BDC00C17FD3 /* ProductVC.swift */,
			);
			path = ViewControllers;
			sourceTree = "<group>";
		};
		39302E1F29E48C1C00C17FD3 /* CollectionViewCell */ = {
			isa = PBXGroup;
			children = (
				39302E2029E48CAD00C17FD3 /* ProductsImagesVCell.swift */,
			);
			path = CollectionViewCell;
			sourceTree = "<group>";
		};
		393AF7E929CE1DCE00DAD8D9 = {
			isa = PBXGroup;
			children = (
				3983BBBA29E4DB59002BDD7C /* Extension */,
				39302E0B29E483B500C17FD3 /* Flipkart */,
				39F6C50E29E2EB5A00F5465E /* collectionView */,
				393AF7FE29CE1DCF00DAD8D9 /* Assets.xcassets */,
				3996FED929E17DA700EF4FB4 /* Meetrajsinh */,
				393AF7F429CE1DCE00DAD8D9 /* layoutPractice */,
				393AF7F329CE1DCE00DAD8D9 /* Products */,
				E7C1D1C923D5E4144764EA04 /* Pods */,
				07256982C43625E013EB181A /* Frameworks */,
			);
			sourceTree = "<group>";
		};
		393AF7F329CE1DCE00DAD8D9 /* Products */ = {
			isa = PBXGroup;
			children = (
				393AF7F229CE1DCE00DAD8D9 /* layoutPractice.app */,
			);
			name = Products;
			sourceTree = "<group>";
		};
		393AF7F429CE1DCE00DAD8D9 /* layoutPractice */ = {
			isa = PBXGroup;
			children = (
				393AF80329CE1DCF00DAD8D9 /* Info.plist */,
				3950E4AF29CE256700D9628B /* Structure */,
				39CDEE7429CE1FD300AF0918 /* BaseController */,
				39CDEE7329CE1FB200AF0918 /* DefaultDelegates */,
				39CDEE7229CE1F8D00AF0918 /* Models */,
				39CDEE7129CE1F8500AF0918 /* Extensions */,
				39CDEE7029CE1F7700AF0918 /* StoryBoards */,
				39CDEE6F29CE1F4D00AF0918 /* ViewControllers */,
				39CDEE6E29CE1F3A00AF0918 /* tabbar */,
			);
			path = layoutPractice;
			sourceTree = "<group>";
		};
		3950E4AF29CE256700D9628B /* Structure */ = {
			isa = PBXGroup;
			children = (
				3950E4B129CE26AA00D9628B /* SplashScreen */,
			);
			path = Structure;
			sourceTree = "<group>";
		};
		3950E4B129CE26AA00D9628B /* SplashScreen */ = {
			isa = PBXGroup;
			children = (
				3950E4B229CE274800D9628B /* Launch Screen.storyboard */,
			);
			path = SplashScreen;
			sourceTree = "<group>";
		};
		3983BBBA29E4DB59002BDD7C /* Extension */ = {
			isa = PBXGroup;
			children = (
				3983BBBB29E4DB6C002BDD7C /* UILabel.swift */,
			);
			path = Extension;
			sourceTree = "<group>";
		};
		3996FED929E17DA700EF4FB4 /* Meetrajsinh */ = {
			isa = PBXGroup;
			children = (
				3996FEE129E19D4E00EF4FB4 /* tableView */,
				3996FEE029E19D3A00EF4FB4 /* CollectionView */,
				3996FEDA29E17DD800EF4FB4 /* JobStoryboard.storyboard */,
				3996FEDC29E17DF100EF4FB4 /* MeetrajVC.swift */,
			);
			path = Meetrajsinh;
			sourceTree = "<group>";
		};
		3996FEE029E19D3A00EF4FB4 /* CollectionView */ = {
			isa = PBXGroup;
			children = (
				3996FEE829E2949100EF4FB4 /* FeaturejobCVC.swift */,
				3996FEE929E2949100EF4FB4 /* FeaturejobCollectionViewCell.xib */,
			);
			path = CollectionView;
			sourceTree = "<group>";
		};
		3996FEE129E19D4E00EF4FB4 /* tableView */ = {
			isa = PBXGroup;
			children = (
				3996FEE229E19DCA00EF4FB4 /* FeatureJobCellTableViewCell.swift */,
				3996FEE329E19DCA00EF4FB4 /* FeatureJobCellTableViewCell.xib */,
			);
			path = tableView;
			sourceTree = "<group>";
		};
		39CDEE6E29CE1F3A00AF0918 /* tabbar */ = {
			isa = PBXGroup;
			children = (
			);
			path = tabbar;
			sourceTree = "<group>";
		};
		39CDEE6F29CE1F4D00AF0918 /* ViewControllers */ = {
			isa = PBXGroup;
			children = (
				3950E4B929D2048900D9628B /* HomePageVC.swift */,
			);
			path = ViewControllers;
			sourceTree = "<group>";
		};
		39CDEE7029CE1F7700AF0918 /* StoryBoards */ = {
			isa = PBXGroup;
			children = (
				3950E4B729D2044F00D9628B /* Homepage.storyboard */,
				3996FEDE29E194B000EF4FB4 /* Main.storyboard */,
			);
			path = StoryBoards;
			sourceTree = "<group>";
		};
		39CDEE7129CE1F8500AF0918 /* Extensions */ = {
			isa = PBXGroup;
			children = (
			);
			path = Extensions;
			sourceTree = "<group>";
		};
		39CDEE7229CE1F8D00AF0918 /* Models */ = {
			isa = PBXGroup;
			children = (
			);
			path = Models;
			sourceTree = "<group>";
		};
		39CDEE7329CE1FB200AF0918 /* DefaultDelegates */ = {
			isa = PBXGroup;
			children = (
				3950E4B529CE286800D9628B /* R.generated.swift */,
				393AF7F529CE1DCE00DAD8D9 /* AppDelegate.swift */,
				393AF7F729CE1DCE00DAD8D9 /* SceneDelegate.swift */,
			);
			path = DefaultDelegates;
			sourceTree = "<group>";
		};
		39CDEE7429CE1FD300AF0918 /* BaseController */ = {
			isa = PBXGroup;
			children = (
			);
			path = BaseController;
			sourceTree = "<group>";
		};
		39F6C50E29E2EB5A00F5465E /* collectionView */ = {
			isa = PBXGroup;
			children = (
				39F6C50F29E2EB6900F5465E /* CollectionViewStoryboard.storyboard */,
				39F6C51129E2EB7B00F5465E /* CollectionViewVC.swift */,
			);
			path = collectionView;
			sourceTree = "<group>";
		};
		E7C1D1C923D5E4144764EA04 /* Pods */ = {
			isa = PBXGroup;
			children = (
				D852807B1A0F5EF47138145A /* Pods-layoutPractice.debug.xcconfig */,
				80C1319DC66C3861BE658307 /* Pods-layoutPractice.release.xcconfig */,
			);
			path = Pods;
			sourceTree = "<group>";
		};
/* End PBXGroup section */

/* Begin PBXNativeTarget section */
		393AF7F129CE1DCE00DAD8D9 /* layoutPractice */ = {
			isa = PBXNativeTarget;
			buildConfigurationList = 393AF80629CE1DCF00DAD8D9 /* Build configuration list for PBXNativeTarget "layoutPractice" */;
			buildPhases = (
				A5134F1AE71DB735D626CDA6 /* [CP] Check Pods Manifest.lock */,
				393AF7EE29CE1DCE00DAD8D9 /* Sources */,
				393AF7EF29CE1DCE00DAD8D9 /* Frameworks */,
				393AF7F029CE1DCE00DAD8D9 /* Resources */,
				196C38AC12312170CCB4C1FE /* [CP] Embed Pods Frameworks */,
				3950E4B429CE279A00D9628B /* ShellScript */,
			);
			buildRules = (
			);
			dependencies = (
			);
			name = layoutPractice;
			productName = layoutPractice;
			productReference = 393AF7F229CE1DCE00DAD8D9 /* layoutPractice.app */;
			productType = "com.apple.product-type.application";
		};
/* End PBXNativeTarget section */

/* Begin PBXProject section */
		393AF7EA29CE1DCE00DAD8D9 /* Project object */ = {
			isa = PBXProject;
			attributes = {
				BuildIndependentTargetsInParallel = 1;
				LastSwiftUpdateCheck = 1420;
				LastUpgradeCheck = 1420;
				TargetAttributes = {
					393AF7F129CE1DCE00DAD8D9 = {
						CreatedOnToolsVersion = 14.2;
					};
				};
			};
			buildConfigurationList = 393AF7ED29CE1DCE00DAD8D9 /* Build configuration list for PBXProject "layoutPractice" */;
			compatibilityVersion = "Xcode 14.0";
			developmentRegion = en;
			hasScannedForEncodings = 0;
			knownRegions = (
				en,
				Base,
			);
			mainGroup = 393AF7E929CE1DCE00DAD8D9;
			productRefGroup = 393AF7F329CE1DCE00DAD8D9 /* Products */;
			projectDirPath = "";
			projectRoot = "";
			targets = (
				393AF7F129CE1DCE00DAD8D9 /* layoutPractice */,
			);
		};
/* End PBXProject section */

/* Begin PBXResourcesBuildPhase section */
		393AF7F029CE1DCE00DAD8D9 /* Resources */ = {
			isa = PBXResourcesBuildPhase;
			buildActionMask = 2147483647;
			files = (
				39302E1929E483B500C17FD3 /* HeaderFlipkart.xib in Resources */,
				3996FEEB29E2949100EF4FB4 /* FeaturejobCollectionViewCell.xib in Resources */,
				3996FEE529E19DCA00EF4FB4 /* FeatureJobCellTableViewCell.xib in Resources */,
				39F6C51029E2EB6900F5465E /* CollectionViewStoryboard.storyboard in Resources */,
				3950E4B329CE274800D9628B /* Launch Screen.storyboard in Resources */,
				39302E1529E483B500C17FD3 /* FlipkartStoryboard.storyboard in Resources */,
				39302E1729E483B500C17FD3 /* ClothesCollectionViewCell.xib in Resources */,
				3996FEDF29E194B000EF4FB4 /* Main.storyboard in Resources */,
				3950E4B829D2044F00D9628B /* Homepage.storyboard in Resources */,
				3906233329E4E7360009947A /* ProductDetailHeaderCollectionReusableView.xib in Resources */,
				393AF7FF29CE1DCF00DAD8D9 /* Assets.xcassets in Resources */,
				3996FEDB29E17DD800EF4FB4 /* JobStoryboard.storyboard in Resources */,
			);
			runOnlyForDeploymentPostprocessing = 0;
		};
/* End PBXResourcesBuildPhase section */

/* Begin PBXShellScriptBuildPhase section */
		196C38AC12312170CCB4C1FE /* [CP] Embed Pods Frameworks */ = {
			isa = PBXShellScriptBuildPhase;
			buildActionMask = 2147483647;
			files = (
			);
			inputFileListPaths = (
				"${PODS_ROOT}/Target Support Files/Pods-layoutPractice/Pods-layoutPractice-frameworks-${CONFIGURATION}-input-files.xcfilelist",
			);
			name = "[CP] Embed Pods Frameworks";
			outputFileListPaths = (
				"${PODS_ROOT}/Target Support Files/Pods-layoutPractice/Pods-layoutPractice-frameworks-${CONFIGURATION}-output-files.xcfilelist",
			);
			runOnlyForDeploymentPostprocessing = 0;
			shellPath = /bin/sh;
			shellScript = "\"${PODS_ROOT}/Target Support Files/Pods-layoutPractice/Pods-layoutPractice-frameworks.sh\"\n";
			showEnvVarsInLog = 0;
		};
		3950E4B429CE279A00D9628B /* ShellScript */ = {
			isa = PBXShellScriptBuildPhase;
			alwaysOutOfDate = 1;
			buildActionMask = 2147483647;
			files = (
			);
			inputFileListPaths = (
			);
			inputPaths = (
			);
			outputFileListPaths = (
			);
			outputPaths = (
				$SRCROOT/R.generated.swift,
			);
			runOnlyForDeploymentPostprocessing = 0;
			shellPath = /bin/sh;
			shellScript = "# Type a script or drag a script file from your workspace to insert its path.\n\"$PODS_ROOT/R.swift/rswift\" generate \"$SRCROOT/R.generated.swift\"\n";
		};
		A5134F1AE71DB735D626CDA6 /* [CP] Check Pods Manifest.lock */ = {
			isa = PBXShellScriptBuildPhase;
			buildActionMask = 2147483647;
			files = (
			);
			inputFileListPaths = (
			);
			inputPaths = (
				"${PODS_PODFILE_DIR_PATH}/Podfile.lock",
				"${PODS_ROOT}/Manifest.lock",
			);
			name = "[CP] Check Pods Manifest.lock";
			outputFileListPaths = (
			);
			outputPaths = (
				"$(DERIVED_FILE_DIR)/Pods-layoutPractice-checkManifestLockResult.txt",
			);
			runOnlyForDeploymentPostprocessing = 0;
			shellPath = /bin/sh;
			shellScript = "diff \"${PODS_PODFILE_DIR_PATH}/Podfile.lock\" \"${PODS_ROOT}/Manifest.lock\" > /dev/null\nif [ $? != 0 ] ; then\n    # print error to STDERR\n    echo \"error: The sandbox is not in sync with the Podfile.lock. Run 'pod install' or update your CocoaPods installation.\" >&2\n    exit 1\nfi\n# This output is used by Xcode 'outputs' to avoid re-running this script phase.\necho \"SUCCESS\" > \"${SCRIPT_OUTPUT_FILE_0}\"\n";
			showEnvVarsInLog = 0;
		};
/* End PBXShellScriptBuildPhase section */

/* Begin PBXSourcesBuildPhase section */
		393AF7EE29CE1DCE00DAD8D9 /* Sources */ = {
			isa = PBXSourcesBuildPhase;
			buildActionMask = 2147483647;
			files = (
				393AF7F629CE1DCE00DAD8D9 /* AppDelegate.swift in Sources */,
				3906233229E4E7360009947A /* ProductDetailHeaderCollectionReusableView.swift in Sources */,
				39302E1E29E48BDC00C17FD3 /* ProductVC.swift in Sources */,
				39F6C51229E2EB7B00F5465E /* CollectionViewVC.swift in Sources */,
				39302E1A29E483B500C17FD3 /* ClothDetails.swift in Sources */,
				39302E2129E48CAD00C17FD3 /* ProductsImagesVCell.swift in Sources */,
				3996FEEA29E2949100EF4FB4 /* FeaturejobCVC.swift in Sources */,
				393AF7F829CE1DCE00DAD8D9 /* SceneDelegate.swift in Sources */,
				3950E4BA29D2048900D9628B /* HomePageVC.swift in Sources */,
				39302E1829E483B500C17FD3 /* HeaderFlipkart.swift in Sources */,
				3996FEDD29E17DF100EF4FB4 /* MeetrajVC.swift in Sources */,
				3983BBBC29E4DB6C002BDD7C /* UILabel.swift in Sources */,
				39302E1629E483B500C17FD3 /* ClothesCollectionViewCell.swift in Sources */,
				3996FEE429E19DCA00EF4FB4 /* FeatureJobCellTableViewCell.swift in Sources */,
				3950E4B629CE286800D9628B /* R.generated.swift in Sources */,
				39302E1B29E483B500C17FD3 /* FlipkartWomenClothVC.swift in Sources */,
			);
			runOnlyForDeploymentPostprocessing = 0;
		};
/* End PBXSourcesBuildPhase section */

/* Begin XCBuildConfiguration section */
		393AF80429CE1DCF00DAD8D9 /* Debug */ = {
			isa = XCBuildConfiguration;
			buildSettings = {
				ALWAYS_SEARCH_USER_PATHS = NO;
				CLANG_ANALYZER_NONNULL = YES;
				CLANG_ANALYZER_NUMBER_OBJECT_CONVERSION = YES_AGGRESSIVE;
				CLANG_CXX_LANGUAGE_STANDARD = "gnu++20";
				CLANG_ENABLE_MODULES = YES;
				CLANG_ENABLE_OBJC_ARC = YES;
				CLANG_ENABLE_OBJC_WEAK = YES;
				CLANG_WARN_BLOCK_CAPTURE_AUTORELEASING = YES;
				CLANG_WARN_BOOL_CONVERSION = YES;
				CLANG_WARN_COMMA = YES;
				CLANG_WARN_CONSTANT_CONVERSION = YES;
				CLANG_WARN_DEPRECATED_OBJC_IMPLEMENTATIONS = YES;
				CLANG_WARN_DIRECT_OBJC_ISA_USAGE = YES_ERROR;
				CLANG_WARN_DOCUMENTATION_COMMENTS = YES;
				CLANG_WARN_EMPTY_BODY = YES;
				CLANG_WARN_ENUM_CONVERSION = YES;
				CLANG_WARN_INFINITE_RECURSION = YES;
				CLANG_WARN_INT_CONVERSION = YES;
				CLANG_WARN_NON_LITERAL_NULL_CONVERSION = YES;
				CLANG_WARN_OBJC_IMPLICIT_RETAIN_SELF = YES;
				CLANG_WARN_OBJC_LITERAL_CONVERSION = YES;
				CLANG_WARN_OBJC_ROOT_CLASS = YES_ERROR;
				CLANG_WARN_QUOTED_INCLUDE_IN_FRAMEWORK_HEADER = YES;
				CLANG_WARN_RANGE_LOOP_ANALYSIS = YES;
				CLANG_WARN_STRICT_PROTOTYPES = YES;
				CLANG_WARN_SUSPICIOUS_MOVE = YES;
				CLANG_WARN_UNGUARDED_AVAILABILITY = YES_AGGRESSIVE;
				CLANG_WARN_UNREACHABLE_CODE = YES;
				CLANG_WARN__DUPLICATE_METHOD_MATCH = YES;
				COPY_PHASE_STRIP = NO;
				DEBUG_INFORMATION_FORMAT = dwarf;
				ENABLE_STRICT_OBJC_MSGSEND = YES;
				ENABLE_TESTABILITY = YES;
				GCC_C_LANGUAGE_STANDARD = gnu11;
				GCC_DYNAMIC_NO_PIC = NO;
				GCC_NO_COMMON_BLOCKS = YES;
				GCC_OPTIMIZATION_LEVEL = 0;
				GCC_PREPROCESSOR_DEFINITIONS = (
					"DEBUG=1",
					"$(inherited)",
				);
				GCC_WARN_64_TO_32_BIT_CONVERSION = YES;
				GCC_WARN_ABOUT_RETURN_TYPE = YES_ERROR;
				GCC_WARN_UNDECLARED_SELECTOR = YES;
				GCC_WARN_UNINITIALIZED_AUTOS = YES_AGGRESSIVE;
				GCC_WARN_UNUSED_FUNCTION = YES;
				GCC_WARN_UNUSED_VARIABLE = YES;
				IPHONEOS_DEPLOYMENT_TARGET = 16.2;
				MTL_ENABLE_DEBUG_INFO = INCLUDE_SOURCE;
				MTL_FAST_MATH = YES;
				ONLY_ACTIVE_ARCH = YES;
				SDKROOT = iphoneos;
				SWIFT_ACTIVE_COMPILATION_CONDITIONS = DEBUG;
				SWIFT_OPTIMIZATION_LEVEL = "-Onone";
			};
			name = Debug;
		};
		393AF80529CE1DCF00DAD8D9 /* Release */ = {
			isa = XCBuildConfiguration;
			buildSettings = {
				ALWAYS_SEARCH_USER_PATHS = NO;
				CLANG_ANALYZER_NONNULL = YES;
				CLANG_ANALYZER_NUMBER_OBJECT_CONVERSION = YES_AGGRESSIVE;
				CLANG_CXX_LANGUAGE_STANDARD = "gnu++20";
				CLANG_ENABLE_MODULES = YES;
				CLANG_ENABLE_OBJC_ARC = YES;
				CLANG_ENABLE_OBJC_WEAK = YES;
				CLANG_WARN_BLOCK_CAPTURE_AUTORELEASING = YES;
				CLANG_WARN_BOOL_CONVERSION = YES;
				CLANG_WARN_COMMA = YES;
				CLANG_WARN_CONSTANT_CONVERSION = YES;
				CLANG_WARN_DEPRECATED_OBJC_IMPLEMENTATIONS = YES;
				CLANG_WARN_DIRECT_OBJC_ISA_USAGE = YES_ERROR;
				CLANG_WARN_DOCUMENTATION_COMMENTS = YES;
				CLANG_WARN_EMPTY_BODY = YES;
				CLANG_WARN_ENUM_CONVERSION = YES;
				CLANG_WARN_INFINITE_RECURSION = YES;
				CLANG_WARN_INT_CONVERSION = YES;
				CLANG_WARN_NON_LITERAL_NULL_CONVERSION = YES;
				CLANG_WARN_OBJC_IMPLICIT_RETAIN_SELF = YES;
				CLANG_WARN_OBJC_LITERAL_CONVERSION = YES;
				CLANG_WARN_OBJC_ROOT_CLASS = YES_ERROR;
				CLANG_WARN_QUOTED_INCLUDE_IN_FRAMEWORK_HEADER = YES;
				CLANG_WARN_RANGE_LOOP_ANALYSIS = YES;
				CLANG_WARN_STRICT_PROTOTYPES = YES;
				CLANG_WARN_SUSPICIOUS_MOVE = YES;
				CLANG_WARN_UNGUARDED_AVAILABILITY = YES_AGGRESSIVE;
				CLANG_WARN_UNREACHABLE_CODE = YES;
				CLANG_WARN__DUPLICATE_METHOD_MATCH = YES;
				COPY_PHASE_STRIP = NO;
				DEBUG_INFORMATION_FORMAT = "dwarf-with-dsym";
				ENABLE_NS_ASSERTIONS = NO;
				ENABLE_STRICT_OBJC_MSGSEND = YES;
				GCC_C_LANGUAGE_STANDARD = gnu11;
				GCC_NO_COMMON_BLOCKS = YES;
				GCC_WARN_64_TO_32_BIT_CONVERSION = YES;
				GCC_WARN_ABOUT_RETURN_TYPE = YES_ERROR;
				GCC_WARN_UNDECLARED_SELECTOR = YES;
				GCC_WARN_UNINITIALIZED_AUTOS = YES_AGGRESSIVE;
				GCC_WARN_UNUSED_FUNCTION = YES;
				GCC_WARN_UNUSED_VARIABLE = YES;
				IPHONEOS_DEPLOYMENT_TARGET = 16.2;
				MTL_ENABLE_DEBUG_INFO = NO;
				MTL_FAST_MATH = YES;
				SDKROOT = iphoneos;
				SWIFT_COMPILATION_MODE = wholemodule;
				SWIFT_OPTIMIZATION_LEVEL = "-O";
				VALIDATE_PRODUCT = YES;
			};
			name = Release;
		};
		393AF80729CE1DCF00DAD8D9 /* Debug */ = {
			isa = XCBuildConfiguration;
			baseConfigurationReference = D852807B1A0F5EF47138145A /* Pods-layoutPractice.debug.xcconfig */;
			buildSettings = {
				ASSETCATALOG_COMPILER_APPICON_NAME = AppIcon;
				ASSETCATALOG_COMPILER_GLOBAL_ACCENT_COLOR_NAME = AccentColor;
				CODE_SIGN_STYLE = Automatic;
				CURRENT_PROJECT_VERSION = 1;
				GENERATE_INFOPLIST_FILE = YES;
				INFOPLIST_FILE = layoutPractice/Info.plist;
				INFOPLIST_KEY_UIApplicationSupportsIndirectInputEvents = YES;
				INFOPLIST_KEY_UILaunchStoryboardName = LaunchScreen;
				INFOPLIST_KEY_UIMainStoryboardFile = Main;
				INFOPLIST_KEY_UISupportedInterfaceOrientations_iPad = "UIInterfaceOrientationPortrait UIInterfaceOrientationPortraitUpsideDown UIInterfaceOrientationLandscapeLeft UIInterfaceOrientationLandscapeRight";
				INFOPLIST_KEY_UISupportedInterfaceOrientations_iPhone = "UIInterfaceOrientationPortrait UIInterfaceOrientationLandscapeLeft UIInterfaceOrientationLandscapeRight";
				LD_RUNPATH_SEARCH_PATHS = (
					"$(inherited)",
					"@executable_path/Frameworks",
				);
				MARKETING_VERSION = 1.0;
				PRODUCT_BUNDLE_IDENTIFIER = com.solanki.homePractice.layoutPractice;
				PRODUCT_NAME = "$(TARGET_NAME)";
				SWIFT_EMIT_LOC_STRINGS = YES;
				SWIFT_VERSION = 5.0;
				TARGETED_DEVICE_FAMILY = "1,2";
			};
			name = Debug;
		};
		393AF80829CE1DCF00DAD8D9 /* Release */ = {
			isa = XCBuildConfiguration;
			baseConfigurationReference = 80C1319DC66C3861BE658307 /* Pods-layoutPractice.release.xcconfig */;
			buildSettings = {
				ASSETCATALOG_COMPILER_APPICON_NAME = AppIcon;
				ASSETCATALOG_COMPILER_GLOBAL_ACCENT_COLOR_NAME = AccentColor;
				CODE_SIGN_STYLE = Automatic;
				CURRENT_PROJECT_VERSION = 1;
				GENERATE_INFOPLIST_FILE = YES;
				INFOPLIST_FILE = layoutPractice/Info.plist;
				INFOPLIST_KEY_UIApplicationSupportsIndirectInputEvents = YES;
				INFOPLIST_KEY_UILaunchStoryboardName = LaunchScreen;
				INFOPLIST_KEY_UIMainStoryboardFile = Main;
				INFOPLIST_KEY_UISupportedInterfaceOrientations_iPad = "UIInterfaceOrientationPortrait UIInterfaceOrientationPortraitUpsideDown UIInterfaceOrientationLandscapeLeft UIInterfaceOrientationLandscapeRight";
				INFOPLIST_KEY_UISupportedInterfaceOrientations_iPhone = "UIInterfaceOrientationPortrait UIInterfaceOrientationLandscapeLeft UIInterfaceOrientationLandscapeRight";
				LD_RUNPATH_SEARCH_PATHS = (
					"$(inherited)",
					"@executable_path/Frameworks",
				);
				MARKETING_VERSION = 1.0;
				PRODUCT_BUNDLE_IDENTIFIER = com.solanki.homePractice.layoutPractice;
				PRODUCT_NAME = "$(TARGET_NAME)";
				SWIFT_EMIT_LOC_STRINGS = YES;
				SWIFT_VERSION = 5.0;
				TARGETED_DEVICE_FAMILY = "1,2";
			};
			name = Release;
		};
/* End XCBuildConfiguration section */

/* Begin XCConfigurationList section */
		393AF7ED29CE1DCE00DAD8D9 /* Build configuration list for PBXProject "layoutPractice" */ = {
			isa = XCConfigurationList;
			buildConfigurations = (
				393AF80429CE1DCF00DAD8D9 /* Debug */,
				393AF80529CE1DCF00DAD8D9 /* Release */,
			);
			defaultConfigurationIsVisible = 0;
			defaultConfigurationName = Release;
		};
		393AF80629CE1DCF00DAD8D9 /* Build configuration list for PBXNativeTarget "layoutPractice" */ = {
			isa = XCConfigurationList;
			buildConfigurations = (
				393AF80729CE1DCF00DAD8D9 /* Debug */,
				393AF80829CE1DCF00DAD8D9 /* Release */,
			);
			defaultConfigurationIsVisible = 0;
			defaultConfigurationName = Release;
		};
/* End XCConfigurationList section */
	};
	rootObject = 393AF7EA29CE1DCE00DAD8D9 /* Project object */;
}
